
Microsoft Visual Studio Solution File, Format Version 12.00
# Visual Studio Version 17
VisualStudioVersion = 17.0.32014.148
MinimumVisualStudioVersion = 10.0.40219.1
Project("{9A19103F-16F7-4668-BE54-9A1E7A4F7556}") = "SuperSimpleTcp", "SuperSimpleTcp\SuperSimpleTcp.csproj", "{AEE995D8-F936-4AF0-9DCB-F60EE36DBFE4}"
EndProject
Project("{9A19103F-16F7-4668-BE54-9A1E7A4F7556}") = "ClientTest", "ClientTest\ClientTest.csproj", "{2BB653DA-54E4-4F15-BEB8-3E3C707301AB}"
EndProject
Project("{9A19103F-16F7-4668-BE54-9A1E7A4F7556}") = "ServerTest", "ServerTest\ServerTest.csproj", "{3E5644B1-7D9E-4745-BC43-414572D06004}"
EndProject
Project("{9A19103F-16F7-4668-BE54-9A1E7A4F7556}") = "SuperSimpleTcp.UnitTest", "SuperSimpleTcp.UnitTest\SuperSimpleTcp.UnitTest.csproj", "{3FAEC5D9-5548-4B0E-B020-C0B563E6CD5D}"
EndProject
Project("{FAE04EC0-301F-11D3-BF4B-00C04F79EFBC}") = "Test.Shared", "Test.Shared\Test.Shared.csproj", "{26E6094C-064E-4495-9C65-96AF1DA92C24}"
EndProject
Project("{FAE04EC0-301F-11D3-BF4B-00C04F79EFBC}") = "Test.Automated", "Test.Automated\Test.Automated.csproj", "{9F3EA367-DC4F-49EA-AAE3-E59D8FBF0661}"
EndProject
Project("{FAE04EC0-301F-11D3-BF4B-00C04F79EFBC}") = "Test.Xunit", "Test.Xunit\Test.Xunit.csproj", "{6EA0E9A1-CA4D-42C9-A4B3-D3A906C31D4A}"
EndProject
Project("{FAE04EC0-301F-11D3-BF4B-00C04F79EFBC}") = "Test.Nunit", "Test.Nunit\Test.Nunit.csproj", "{0312FB64-E577-43E9-BC6A-C59FD60A9037}"
EndProject
Project("{FAE04EC0-301F-11D3-BF4B-00C04F79EFBC}") = "Test.PerformanceBenchmark", "Test.PerformanceBenchmark\Test.PerformanceBenchmark.csproj", "{DA957EAD-98AC-4D9B-AA19-688E898937B5}"
EndProject
Global
	GlobalSection(SolutionConfigurationPlatforms) = preSolution
		Debug|Any CPU = Debug|Any CPU
		Debug|x64 = Debug|x64
		Debug|x86 = Debug|x86
		Release|Any CPU = Release|Any CPU
		Release|x64 = Release|x64
		Release|x86 = Release|x86
	EndGlobalSection
	GlobalSection(ProjectConfigurationPlatforms) = postSolution
		{AEE995D8-F936-4AF0-9DCB-F60EE36DBFE4}.Debug|Any CPU.ActiveCfg = Debug|Any CPU
		{AEE995D8-F936-4AF0-9DCB-F60EE36DBFE4}.Debug|Any CPU.Build.0 = Debug|Any CPU
		{AEE995D8-F936-4AF0-9DCB-F60EE36DBFE4}.Debug|x64.ActiveCfg = Debug|Any CPU
		{AEE995D8-F936-4AF0-9DCB-F60EE36DBFE4}.Debug|x64.Build.0 = Debug|Any CPU
		{AEE995D8-F936-4AF0-9DCB-F60EE36DBFE4}.Debug|x86.ActiveCfg = Debug|Any CPU
		{AEE995D8-F936-4AF0-9DCB-F60EE36DBFE4}.Debug|x86.Build.0 = Debug|Any CPU
		{AEE995D8-F936-4AF0-9DCB-F60EE36DBFE4}.Release|Any CPU.ActiveCfg = Release|Any CPU
		{AEE995D8-F936-4AF0-9DCB-F60EE36DBFE4}.Release|Any CPU.Build.0 = Release|Any CPU
		{AEE995D8-F936-4AF0-9DCB-F60EE36DBFE4}.Release|x64.ActiveCfg = Release|Any CPU
		{AEE995D8-F936-4AF0-9DCB-F60EE36DBFE4}.Release|x64.Build.0 = Release|Any CPU
		{AEE995D8-F936-4AF0-9DCB-F60EE36DBFE4}.Release|x86.ActiveCfg = Release|Any CPU
		{AEE995D8-F936-4AF0-9DCB-F60EE36DBFE4}.Release|x86.Build.0 = Release|Any CPU
		{2BB653DA-54E4-4F15-BEB8-3E3C707301AB}.Debug|Any CPU.ActiveCfg = Debug|Any CPU
		{2BB653DA-54E4-4F15-BEB8-3E3C707301AB}.Debug|Any CPU.Build.0 = Debug|Any CPU
		{2BB653DA-54E4-4F15-BEB8-3E3C707301AB}.Debug|x64.ActiveCfg = Debug|Any CPU
		{2BB653DA-54E4-4F15-BEB8-3E3C707301AB}.Debug|x64.Build.0 = Debug|Any CPU
		{2BB653DA-54E4-4F15-BEB8-3E3C707301AB}.Debug|x86.ActiveCfg = Debug|Any CPU
		{2BB653DA-54E4-4F15-BEB8-3E3C707301AB}.Debug|x86.Build.0 = Debug|Any CPU
		{2BB653DA-54E4-4F15-BEB8-3E3C707301AB}.Release|Any CPU.ActiveCfg = Release|Any CPU
		{2BB653DA-54E4-4F15-BEB8-3E3C707301AB}.Release|Any CPU.Build.0 = Release|Any CPU
		{2BB653DA-54E4-4F15-BEB8-3E3C707301AB}.Release|x64.ActiveCfg = Release|Any CPU
		{2BB653DA-54E4-4F15-BEB8-3E3C707301AB}.Release|x64.Build.0 = Release|Any CPU
		{2BB653DA-54E4-4F15-BEB8-3E3C707301AB}.Release|x86.ActiveCfg = Release|Any CPU
		{2BB653DA-54E4-4F15-BEB8-3E3C707301AB}.Release|x86.Build.0 = Release|Any CPU
		{3E5644B1-7D9E-4745-BC43-414572D06004}.Debug|Any CPU.ActiveCfg = Debug|Any CPU
		{3E5644B1-7D9E-4745-BC43-414572D06004}.Debug|Any CPU.Build.0 = Debug|Any CPU
		{3E5644B1-7D9E-4745-BC43-414572D06004}.Debug|x64.ActiveCfg = Debug|Any CPU
		{3E5644B1-7D9E-4745-BC43-414572D06004}.Debug|x64.Build.0 = Debug|Any CPU
		{3E5644B1-7D9E-4745-BC43-414572D06004}.Debug|x86.ActiveCfg = Debug|Any CPU
		{3E5644B1-7D9E-4745-BC43-414572D06004}.Debug|x86.Build.0 = Debug|Any CPU
		{3E5644B1-7D9E-4745-BC43-414572D06004}.Release|Any CPU.ActiveCfg = Release|Any CPU
		{3E5644B1-7D9E-4745-BC43-414572D06004}.Release|Any CPU.Build.0 = Release|Any CPU
		{3E5644B1-7D9E-4745-BC43-414572D06004}.Release|x64.ActiveCfg = Release|Any CPU
		{3E5644B1-7D9E-4745-BC43-414572D06004}.Release|x64.Build.0 = Release|Any CPU
		{3E5644B1-7D9E-4745-BC43-414572D06004}.Release|x86.ActiveCfg = Release|Any CPU
		{3E5644B1-7D9E-4745-BC43-414572D06004}.Release|x86.Build.0 = Release|Any CPU
		{3FAEC5D9-5548-4B0E-B020-C0B563E6CD5D}.Debug|Any CPU.ActiveCfg = Debug|Any CPU
		{3FAEC5D9-5548-4B0E-B020-C0B563E6CD5D}.Debug|Any CPU.Build.0 = Debug|Any CPU
		{3FAEC5D9-5548-4B0E-B020-C0B563E6CD5D}.Debug|x64.ActiveCfg = Debug|Any CPU
		{3FAEC5D9-5548-4B0E-B020-C0B563E6CD5D}.Debug|x64.Build.0 = Debug|Any CPU
		{3FAEC5D9-5548-4B0E-B020-C0B563E6CD5D}.Debug|x86.ActiveCfg = Debug|Any CPU
		{3FAEC5D9-5548-4B0E-B020-C0B563E6CD5D}.Debug|x86.Build.0 = Debug|Any CPU
		{3FAEC5D9-5548-4B0E-B020-C0B563E6CD5D}.Release|Any CPU.ActiveCfg = Release|Any CPU
		{3FAEC5D9-5548-4B0E-B020-C0B563E6CD5D}.Release|Any CPU.Build.0 = Release|Any CPU
		{3FAEC5D9-5548-4B0E-B020-C0B563E6CD5D}.Release|x64.ActiveCfg = Release|Any CPU
		{3FAEC5D9-5548-4B0E-B020-C0B563E6CD5D}.Release|x64.Build.0 = Release|Any CPU
		{3FAEC5D9-5548-4B0E-B020-C0B563E6CD5D}.Release|x86.ActiveCfg = Release|Any CPU
		{3FAEC5D9-5548-4B0E-B020-C0B563E6CD5D}.Release|x86.Build.0 = Release|Any CPU
		{26E6094C-064E-4495-9C65-96AF1DA92C24}.Debug|Any CPU.ActiveCfg = Debug|Any CPU
		{26E6094C-064E-4495-9C65-96AF1DA92C24}.Debug|Any CPU.Build.0 = Debug|Any CPU
		{26E6094C-064E-4495-9C65-96AF1DA92C24}.Debug|x64.ActiveCfg = Debug|Any CPU
		{26E6094C-064E-4495-9C65-96AF1DA92C24}.Debug|x64.Build.0 = Debug|Any CPU
		{26E6094C-064E-4495-9C65-96AF1DA92C24}.Debug|x86.ActiveCfg = Debug|Any CPU
		{26E6094C-064E-4495-9C65-96AF1DA92C24}.Debug|x86.Build.0 = Debug|Any CPU
		{26E6094C-064E-4495-9C65-96AF1DA92C24}.Release|Any CPU.ActiveCfg = Release|Any CPU
		{26E6094C-064E-4495-9C65-96AF1DA92C24}.Release|Any CPU.Build.0 = Release|Any CPU
		{26E6094C-064E-4495-9C65-96AF1DA92C24}.Release|x64.ActiveCfg = Release|Any CPU
		{26E6094C-064E-4495-9C65-96AF1DA92C24}.Release|x64.Build.0 = Release|Any CPU
		{26E6094C-064E-4495-9C65-96AF1DA92C24}.Release|x86.ActiveCfg = Release|Any CPU
		{26E6094C-064E-4495-9C65-96AF1DA92C24}.Release|x86.Build.0 = Release|Any CPU
		{9F3EA367-DC4F-49EA-AAE3-E59D8FBF0661}.Debug|Any CPU.ActiveCfg = Debug|Any CPU
		{9F3EA367-DC4F-49EA-AAE3-E59D8FBF0661}.Debug|Any CPU.Build.0 = Debug|Any CPU
		{9F3EA367-DC4F-49EA-AAE3-E59D8FBF0661}.Debug|x64.ActiveCfg = Debug|Any CPU
		{9F3EA367-DC4F-49EA-AAE3-E59D8FBF0661}.Debug|x64.Build.0 = Debug|Any CPU
		{9F3EA367-DC4F-49EA-AAE3-E59D8FBF0661}.Debug|x86.ActiveCfg = Debug|Any CPU
		{9F3EA367-DC4F-49EA-AAE3-E59D8FBF0661}.Debug|x86.Build.0 = Debug|Any CPU
		{9F3EA367-DC4F-49EA-AAE3-E59D8FBF0661}.Release|Any CPU.ActiveCfg = Release|Any CPU
		{9F3EA367-DC4F-49EA-AAE3-E59D8FBF0661}.Release|Any CPU.Build.0 = Release|Any CPU
		{9F3EA367-DC4F-49EA-AAE3-E59D8FBF0661}.Release|x64.ActiveCfg = Release|Any CPU
		{9F3EA367-DC4F-49EA-AAE3-E59D8FBF0661}.Release|x64.Build.0 = Release|Any CPU
		{9F3EA367-DC4F-49EA-AAE3-E59D8FBF0661}.Release|x86.ActiveCfg = Release|Any CPU
		{9F3EA367-DC4F-49EA-AAE3-E59D8FBF0661}.Release|x86.Build.0 = Release|Any CPU
		{6EA0E9A1-CA4D-42C9-A4B3-D3A906C31D4A}.Debug|Any CPU.ActiveCfg = Debug|Any CPU
		{6EA0E9A1-CA4D-42C9-A4B3-D3A906C31D4A}.Debug|Any CPU.Build.0 = Debug|Any CPU
		{6EA0E9A1-CA4D-42C9-A4B3-D3A906C31D4A}.Debug|x64.ActiveCfg = Debug|Any CPU
		{6EA0E9A1-CA4D-42C9-A4B3-D3A906C31D4A}.Debug|x64.Build.0 = Debug|Any CPU
		{6EA0E9A1-CA4D-42C9-A4B3-D3A906C31D4A}.Debug|x86.ActiveCfg = Debug|Any CPU
		{6EA0E9A1-CA4D-42C9-A4B3-D3A906C31D4A}.Debug|x86.Build.0 = Debug|Any CPU
		{6EA0E9A1-CA4D-42C9-A4B3-D3A906C31D4A}.Release|Any CPU.ActiveCfg = Release|Any CPU
		{6EA0E9A1-CA4D-42C9-A4B3-D3A906C31D4A}.Release|Any CPU.Build.0 = Release|Any CPU
		{6EA0E9A1-CA4D-42C9-A4B3-D3A906C31D4A}.Release|x64.ActiveCfg = Release|Any CPU
		{6EA0E9A1-CA4D-42C9-A4B3-D3A906C31D4A}.Release|x64.Build.0 = Release|Any CPU
		{6EA0E9A1-CA4D-42C9-A4B3-D3A906C31D4A}.Release|x86.ActiveCfg = Release|Any CPU
		{6EA0E9A1-CA4D-42C9-A4B3-D3A906C31D4A}.Release|x86.Build.0 = Release|Any CPU
		{0312FB64-E577-43E9-BC6A-C59FD60A9037}.Debug|Any CPU.ActiveCfg = Debug|Any CPU
		{0312FB64-E577-43E9-BC6A-C59FD60A9037}.Debug|Any CPU.Build.0 = Debug|Any CPU
		{0312FB64-E577-43E9-BC6A-C59FD60A9037}.Debug|x64.ActiveCfg = Debug|Any CPU
		{0312FB64-E577-43E9-BC6A-C59FD60A9037}.Debug|x64.Build.0 = Debug|Any CPU
		{0312FB64-E577-43E9-BC6A-C59FD60A9037}.Debug|x86.ActiveCfg = Debug|Any CPU
		{0312FB64-E577-43E9-BC6A-C59FD60A9037}.Debug|x86.Build.0 = Debug|Any CPU
		{0312FB64-E577-43E9-BC6A-C59FD60A9037}.Release|Any CPU.ActiveCfg = Release|Any CPU
		{0312FB64-E577-43E9-BC6A-C59FD60A9037}.Release|Any CPU.Build.0 = Release|Any CPU
		{0312FB64-E577-43E9-BC6A-C59FD60A9037}.Release|x64.ActiveCfg = Release|Any CPU
		{0312FB64-E577-43E9-BC6A-C59FD60A9037}.Release|x64.Build.0 = Release|Any CPU
		{0312FB64-E577-43E9-BC6A-C59FD60A9037}.Release|x86.ActiveCfg = Release|Any CPU
		{0312FB64-E577-43E9-BC6A-C59FD60A9037}.Release|x86.Build.0 = Release|Any CPU
		{DA957EAD-98AC-4D9B-AA19-688E898937B5}.Debug|Any CPU.ActiveCfg = Debug|Any CPU
		{DA957EAD-98AC-4D9B-AA19-688E898937B5}.Debug|Any CPU.Build.0 = Debug|Any CPU
		{DA957EAD-98AC-4D9B-AA19-688E898937B5}.Debug|x64.ActiveCfg = Debug|Any CPU
		{DA957EAD-98AC-4D9B-AA19-688E898937B5}.Debug|x64.Build.0 = Debug|Any CPU
		{DA957EAD-98AC-4D9B-AA19-688E898937B5}.Debug|x86.ActiveCfg = Debug|Any CPU
		{DA957EAD-98AC-4D9B-AA19-688E898937B5}.Debug|x86.Build.0 = Debug|Any CPU
		{DA957EAD-98AC-4D9B-AA19-688E898937B5}.Release|Any CPU.ActiveCfg = Release|Any CPU
		{DA957EAD-98AC-4D9B-AA19-688E898937B5}.Release|Any CPU.Build.0 = Release|Any CPU
		{DA957EAD-98AC-4D9B-AA19-688E898937B5}.Release|x64.ActiveCfg = Release|Any CPU
		{DA957EAD-98AC-4D9B-AA19-688E898937B5}.Release|x64.Build.0 = Release|Any CPU
		{DA957EAD-98AC-4D9B-AA19-688E898937B5}.Release|x86.ActiveCfg = Release|Any CPU
		{DA957EAD-98AC-4D9B-AA19-688E898937B5}.Release|x86.Build.0 = Release|Any CPU
	EndGlobalSection
	GlobalSection(SolutionProperties) = preSolution
		HideSolutionNode = FALSE
	EndGlobalSection
	GlobalSection(ExtensibilityGlobals) = postSolution
		SolutionGuid = {F66769D1-8F26-4307-A737-E27BB893E901}
	EndGlobalSection
EndGlobal
